
Microsoft Visual Studio Solution File, Format Version 12.00
# Visual Studio Version 17
VisualStudioVersion = 17.4.33205.214
MinimumVisualStudioVersion = 10.0.40219.1
Project("{FAE04EC0-301F-11D3-BF4B-00C04F79EFBC}") = "MyDay", "MyDay\MyDay.csproj", "{70E6B6EF-B1F1-40C2-BCC1-12F31BDBC8CC}"
EndProject
Global
	GlobalSection(SolutionConfigurationPlatforms) = preSolution
		Debug|Any CPU = Debug|Any CPU
		Release|Any CPU = Release|Any CPU
	EndGlobalSection
	GlobalSection(ProjectConfigurationPlatforms) = postSolution
		{70E6B6EF-B1F1-40C2-BCC1-12F31BDBC8CC}.Debug|Any CPU.ActiveCfg = Debug|Any CPU
		{70E6B6EF-B1F1-40C2-BCC1-12F31BDBC8CC}.Debug|Any CPU.Build.0 = Debug|Any CPU
		{70E6B6EF-B1F1-40C2-BCC1-12F31BDBC8CC}.Release|Any CPU.ActiveCfg = Release|Any CPU
		{70E6B6EF-B1F1-40C2-BCC1-12F31BDBC8CC}.Release|Any CPU.Build.0 = Release|Any CPU
	EndGlobalSection
	GlobalSection(SolutionProperties) = preSolution
		HideSolutionNode = FALSE
	EndGlobalSection
	GlobalSection(ExtensibilityGlobals) = postSolution
		SolutionGuid = {B420D292-B7B1-4BF9-84FB-5F3502D492F2}
	EndGlobalSection
EndGlobal
